{
  "name": "example",
  "version": "1.0.0",
  "lockfileVersion": 1,
  "requires": true,
  "dependencies": {
    "via-mp-ui": {
      "version": "0.0.5",
      "resolved": "https://registry.npmjs.org/via-mp-ui/-/via-mp-ui-0.0.5.tgz",
      "integrity": "sha512-YUNVPqEWSIa5UNsOB5SFqQ8kDslPBZB4PWOQNsL1nW/UP1AXiHEQxwWrJ2i4N23qBPfKb4RpmUiBEtVpkNM9fg=="
    }
  }
}
